
Microsoft Visual Studio Solution File, Format Version 12.00
# Visual Studio Version 17
VisualStudioVersion = 17.0.31919.166
MinimumVisualStudioVersion = 10.0.40219.1
Project("{FAE04EC0-301F-11D3-BF4B-00C04F79EFBC}") = "MemoryMatch", "MemoryMatch\MemoryMatch.csproj", "{E38EAE60-4F35-4840-966D-E3A600720BC8}"
EndProject
Global
	GlobalSection(SolutionConfigurationPlatforms) = preSolution
		Debug|Any CPU = Debug|Any CPU
		Release|Any CPU = Release|Any CPU
	EndGlobalSection
	GlobalSection(ProjectConfigurationPlatforms) = postSolution
		{E38EAE60-4F35-4840-966D-E3A600720BC8}.Debug|Any CPU.ActiveCfg = Debug|Any CPU
		{E38EAE60-4F35-4840-966D-E3A600720BC8}.Debug|Any CPU.Build.0 = Debug|Any CPU
		{E38EAE60-4F35-4840-966D-E3A600720BC8}.Release|Any CPU.ActiveCfg = Release|Any CPU
		{E38EAE60-4F35-4840-966D-E3A600720BC8}.Release|Any CPU.Build.0 = Release|Any CPU
	EndGlobalSection
	GlobalSection(SolutionProperties) = preSolution
		HideSolutionNode = FALSE
	EndGlobalSection
	GlobalSection(ExtensibilityGlobals) = postSolution
		SolutionGuid = {48E82569-25E7-414F-AE8C-19B0B3F1AEA9}
	EndGlobalSection
EndGlobal
